
Microsoft Visual Studio Solution File, Format Version 12.00
# Visual Studio Version 17
VisualStudioVersion = 17.3.32825.248
MinimumVisualStudioVersion = 10.0.40219.1
Project("{8BC9CEB8-8B4A-11D0-8D11-00A0C91BC942}") = "1 задание", "ВСЕ ЛАБЫ ПО ОАИПУ\ВСЕ ЛАБЫ ПО ОАИПУ.vcxproj", "{B6584854-F9D7-4F01-98CB-638C3A51FEB5}"
EndProject
Project("{8BC9CEB8-8B4A-11D0-8D11-00A0C91BC942}") = "2 задание", "2 задание\2 задание.vcxproj", "{1FF6F148-785A-40FD-A9B5-4DC69A70CE35}"
EndProject
Project("{8BC9CEB8-8B4A-11D0-8D11-00A0C91BC942}") = "3 задание", "3 задание\3 задание.vcxproj", "{1D7C0181-F8D5-4AB1-97A6-9656A9E9EAB6}"
EndProject
Global
	GlobalSection(SolutionConfigurationPlatforms) = preSolution
		Debug|x64 = Debug|x64
		Debug|x86 = Debug|x86
		Release|x64 = Release|x64
		Release|x86 = Release|x86
	EndGlobalSection
	GlobalSection(ProjectConfigurationPlatforms) = postSolution
		{B6584854-F9D7-4F01-98CB-638C3A51FEB5}.Debug|x64.ActiveCfg = Debug|x64
		{B6584854-F9D7-4F01-98CB-638C3A51FEB5}.Debug|x64.Build.0 = Debug|x64
		{B6584854-F9D7-4F01-98CB-638C3A51FEB5}.Debug|x86.ActiveCfg = Debug|Win32
		{B6584854-F9D7-4F01-98CB-638C3A51FEB5}.Debug|x86.Build.0 = Debug|Win32
		{B6584854-F9D7-4F01-98CB-638C3A51FEB5}.Release|x64.ActiveCfg = Release|x64
		{B6584854-F9D7-4F01-98CB-638C3A51FEB5}.Release|x64.Build.0 = Release|x64
		{B6584854-F9D7-4F01-98CB-638C3A51FEB5}.Release|x86.ActiveCfg = Release|Win32
		{B6584854-F9D7-4F01-98CB-638C3A51FEB5}.Release|x86.Build.0 = Release|Win32
		{1FF6F148-785A-40FD-A9B5-4DC69A70CE35}.Debug|x64.ActiveCfg = Debug|x64
		{1FF6F148-785A-40FD-A9B5-4DC69A70CE35}.Debug|x64.Build.0 = Debug|x64
		{1FF6F148-785A-40FD-A9B5-4DC69A70CE35}.Debug|x86.ActiveCfg = Debug|Win32
		{1FF6F148-785A-40FD-A9B5-4DC69A70CE35}.Debug|x86.Build.0 = Debug|Win32
		{1FF6F148-785A-40FD-A9B5-4DC69A70CE35}.Release|x64.ActiveCfg = Release|x64
		{1FF6F148-785A-40FD-A9B5-4DC69A70CE35}.Release|x64.Build.0 = Release|x64
		{1FF6F148-785A-40FD-A9B5-4DC69A70CE35}.Release|x86.ActiveCfg = Release|Win32
		{1FF6F148-785A-40FD-A9B5-4DC69A70CE35}.Release|x86.Build.0 = Release|Win32
		{1D7C0181-F8D5-4AB1-97A6-9656A9E9EAB6}.Debug|x64.ActiveCfg = Debug|x64
		{1D7C0181-F8D5-4AB1-97A6-9656A9E9EAB6}.Debug|x64.Build.0 = Debug|x64
		{1D7C0181-F8D5-4AB1-97A6-9656A9E9EAB6}.Debug|x86.ActiveCfg = Debug|Win32
		{1D7C0181-F8D5-4AB1-97A6-9656A9E9EAB6}.Debug|x86.Build.0 = Debug|Win32
		{1D7C0181-F8D5-4AB1-97A6-9656A9E9EAB6}.Release|x64.ActiveCfg = Release|x64
		{1D7C0181-F8D5-4AB1-97A6-9656A9E9EAB6}.Release|x64.Build.0 = Release|x64
		{1D7C0181-F8D5-4AB1-97A6-9656A9E9EAB6}.Release|x86.ActiveCfg = Release|Win32
		{1D7C0181-F8D5-4AB1-97A6-9656A9E9EAB6}.Release|x86.Build.0 = Release|Win32
	EndGlobalSection
	GlobalSection(SolutionProperties) = preSolution
		HideSolutionNode = FALSE
	EndGlobalSection
	GlobalSection(ExtensibilityGlobals) = postSolution
		SolutionGuid = {A3AB7260-A8F5-4F7A-BE61-C9244FA7CF5C}
	EndGlobalSection
EndGlobal
